// !$*UTF8*$!
{
	archiveVersion = 1;
	classes = {
	};
	objectVersion = 50;
	objects = {

/* Begin PBXBuildFile section */
		AB35284923FAB2BC00DB1242 /* MapViewViewController.swift in Sources */ = {isa = PBXBuildFile; fileRef = AB35284823FAB2BC00DB1242 /* MapViewViewController.swift */; };
		AB508FBE23E44A6E004992E7 /* RatingBar.swift in Sources */ = {isa = PBXBuildFile; fileRef = AB508FBD23E44A6E004992E7 /* RatingBar.swift */; };
		AB508FC523E85E94004992E7 /* Bar.swift in Sources */ = {isa = PBXBuildFile; fileRef = AB508FC423E85E94004992E7 /* Bar.swift */; };
		AB831A4C2406BBDA00668234 /* Atwork.swift in Sources */ = {isa = PBXBuildFile; fileRef = AB831A4B2406BBDA00668234 /* Atwork.swift */; };
		AB88623523E9AE960041ED15 /* TabelaBares.swift in Sources */ = {isa = PBXBuildFile; fileRef = AB88623423E9AE960041ED15 /* TabelaBares.swift */; };
		AB88623723E9B8C20041ED15 /* BarTableViewController.swift in Sources */ = {isa = PBXBuildFile; fileRef = AB88623623E9B8C20041ED15 /* BarTableViewController.swift */; };
		ABAE076B23E1A11800BD9C66 /* AppDelegate.swift in Sources */ = {isa = PBXBuildFile; fileRef = ABAE076A23E1A11800BD9C66 /* AppDelegate.swift */; };
		ABAE076D23E1A11800BD9C66 /* BarViewController.swift in Sources */ = {isa = PBXBuildFile; fileRef = ABAE076C23E1A11800BD9C66 /* BarViewController.swift */; };
		ABAE077023E1A11800BD9C66 /* Main.storyboard in Resources */ = {isa = PBXBuildFile; fileRef = ABAE076E23E1A11800BD9C66 /* Main.storyboard */; };
		ABAE077223E1A11A00BD9C66 /* Assets.xcassets in Resources */ = {isa = PBXBuildFile; fileRef = ABAE077123E1A11A00BD9C66 /* Assets.xcassets */; };
		ABAE077523E1A11A00BD9C66 /* LaunchScreen.storyboard in Resources */ = {isa = PBXBuildFile; fileRef = ABAE077323E1A11A00BD9C66 /* LaunchScreen.storyboard */; };
		ABAE078023E1A11A00BD9C66 /* barsTests.swift in Sources */ = {isa = PBXBuildFile; fileRef = ABAE077F23E1A11A00BD9C66 /* barsTests.swift */; };
/* End PBXBuildFile section */

/* Begin PBXContainerItemProxy section */
		ABAE077C23E1A11A00BD9C66 /* PBXContainerItemProxy */ = {
			isa = PBXContainerItemProxy;
			containerPortal = ABAE075F23E1A11800BD9C66 /* Project object */;
			proxyType = 1;
			remoteGlobalIDString = ABAE076623E1A11800BD9C66;
			remoteInfo = bars;
		};
/* End PBXContainerItemProxy section */

/* Begin PBXFileReference section */
		AB35284823FAB2BC00DB1242 /* MapViewViewController.swift */ = {isa = PBXFileReference; lastKnownFileType = sourcecode.swift; path = MapViewViewController.swift; sourceTree = "<group>"; };
		AB508FBD23E44A6E004992E7 /* RatingBar.swift */ = {isa = PBXFileReference; lastKnownFileType = sourcecode.swift; path = RatingBar.swift; sourceTree = "<group>"; };
		AB508FC423E85E94004992E7 /* Bar.swift */ = {isa = PBXFileReference; lastKnownFileType = sourcecode.swift; path = Bar.swift; sourceTree = "<group>"; };
		AB831A4B2406BBDA00668234 /* Atwork.swift */ = {isa = PBXFileReference; lastKnownFileType = sourcecode.swift; path = Atwork.swift; sourceTree = "<group>"; };
		AB88623423E9AE960041ED15 /* TabelaBares.swift */ = {isa = PBXFileReference; lastKnownFileType = sourcecode.swift; path = TabelaBares.swift; sourceTree = "<group>"; };
		AB88623623E9B8C20041ED15 /* BarTableViewController.swift */ = {isa = PBXFileReference; lastKnownFileType = sourcecode.swift; path = BarTableViewController.swift; sourceTree = "<group>"; };
		ABAE076723E1A11800BD9C66 /* bars.app */ = {isa = PBXFileReference; explicitFileType = wrapper.application; includeInIndex = 0; path = bars.app; sourceTree = BUILT_PRODUCTS_DIR; };
		ABAE076A23E1A11800BD9C66 /* AppDelegate.swift */ = {isa = PBXFileReference; lastKnownFileType = sourcecode.swift; path = AppDelegate.swift; sourceTree = "<group>"; };
		ABAE076C23E1A11800BD9C66 /* BarViewController.swift */ = {isa = PBXFileReference; lastKnownFileType = sourcecode.swift; path = BarViewController.swift; sourceTree = "<group>"; };
		ABAE076F23E1A11800BD9C66 /* Base */ = {isa = PBXFileReference; lastKnownFileType = file.storyboard; name = Base; path = Base.lproj/Main.storyboard; sourceTree = "<group>"; };
		ABAE077123E1A11A00BD9C66 /* Assets.xcassets */ = {isa = PBXFileReference; lastKnownFileType = folder.assetcatalog; path = Assets.xcassets; sourceTree = "<group>"; };
		ABAE077423E1A11A00BD9C66 /* Base */ = {isa = PBXFileReference; lastKnownFileType = file.storyboard; name = Base; path = Base.lproj/LaunchScreen.storyboard; sourceTree = "<group>"; };
		ABAE077623E1A11A00BD9C66 /* Info.plist */ = {isa = PBXFileReference; lastKnownFileType = text.plist.xml; path = Info.plist; sourceTree = "<group>"; };
		ABAE077B23E1A11A00BD9C66 /* barsTests.xctest */ = {isa = PBXFileReference; explicitFileType = wrapper.cfbundle; includeInIndex = 0; path = barsTests.xctest; sourceTree = BUILT_PRODUCTS_DIR; };
		ABAE077F23E1A11A00BD9C66 /* barsTests.swift */ = {isa = PBXFileReference; lastKnownFileType = sourcecode.swift; path = barsTests.swift; sourceTree = "<group>"; };
		ABAE078123E1A11A00BD9C66 /* Info.plist */ = {isa = PBXFileReference; lastKnownFileType = text.plist.xml; path = Info.plist; sourceTree = "<group>"; };
/* End PBXFileReference section */

/* Begin PBXFrameworksBuildPhase section */
		ABAE076423E1A11800BD9C66 /* Frameworks */ = {
			isa = PBXFrameworksBuildPhase;
			buildActionMask = 2147483647;
			files = (
			);
			runOnlyForDeploymentPostprocessing = 0;
		};
		ABAE077823E1A11A00BD9C66 /* Frameworks */ = {
			isa = PBXFrameworksBuildPhase;
			buildActionMask = 2147483647;
			files = (
			);
			runOnlyForDeploymentPostprocessing = 0;
		};
/* End PBXFrameworksBuildPhase section */

/* Begin PBXGroup section */
		ABAE075E23E1A11800BD9C66 = {
			isa = PBXGroup;
			children = (
				ABAE076923E1A11800BD9C66 /* bars */,
				ABAE077E23E1A11A00BD9C66 /* barsTests */,
				ABAE076823E1A11800BD9C66 /* Products */,
			);
			sourceTree = "<group>";
		};
		ABAE076823E1A11800BD9C66 /* Products */ = {
			isa = PBXGroup;
			children = (
				ABAE076723E1A11800BD9C66 /* bars.app */,
				ABAE077B23E1A11A00BD9C66 /* barsTests.xctest */,
			);
			name = Products;
			sourceTree = "<group>";
		};
		ABAE076923E1A11800BD9C66 /* bars */ = {
			isa = PBXGroup;
			children = (
				ABAE076A23E1A11800BD9C66 /* AppDelegate.swift */,
				ABAE076C23E1A11800BD9C66 /* BarViewController.swift */,
				AB508FBD23E44A6E004992E7 /* RatingBar.swift */,
				ABAE076E23E1A11800BD9C66 /* Main.storyboard */,
				ABAE077123E1A11A00BD9C66 /* Assets.xcassets */,
				ABAE077323E1A11A00BD9C66 /* LaunchScreen.storyboard */,
				ABAE077623E1A11A00BD9C66 /* Info.plist */,
				AB508FC423E85E94004992E7 /* Bar.swift */,
				AB88623423E9AE960041ED15 /* TabelaBares.swift */,
				AB88623623E9B8C20041ED15 /* BarTableViewController.swift */,
				AB35284823FAB2BC00DB1242 /* MapViewViewController.swift */,
				AB831A4B2406BBDA00668234 /* Atwork.swift */,
			);
			path = bars;
			sourceTree = "<group>";
		};
		ABAE077E23E1A11A00BD9C66 /* barsTests */ = {
			isa = PBXGroup;
			children = (
				ABAE077F23E1A11A00BD9C66 /* barsTests.swift */,
				ABAE078123E1A11A00BD9C66 /* Info.plist */,
			);
			path = barsTests;
			sourceTree = "<group>";
		};
/* End PBXGroup section */

/* Begin PBXNativeTarget section */
		ABAE076623E1A11800BD9C66 /* bars */ = {
			isa = PBXNativeTarget;
			buildConfigurationList = ABAE078423E1A11A00BD9C66 /* Build configuration list for PBXNativeTarget "bars" */;
			buildPhases = (
				ABAE076323E1A11800BD9C66 /* Sources */,
				ABAE076423E1A11800BD9C66 /* Frameworks */,
				ABAE076523E1A11800BD9C66 /* Resources */,
			);
			buildRules = (
			);
			dependencies = (
			);
			name = bars;
			productName = bars;
			productReference = ABAE076723E1A11800BD9C66 /* bars.app */;
			productType = "com.apple.product-type.application";
		};
		ABAE077A23E1A11A00BD9C66 /* barsTests */ = {
			isa = PBXNativeTarget;
			buildConfigurationList = ABAE078723E1A11A00BD9C66 /* Build configuration list for PBXNativeTarget "barsTests" */;
			buildPhases = (
				ABAE077723E1A11A00BD9C66 /* Sources */,
				ABAE077823E1A11A00BD9C66 /* Frameworks */,
				ABAE077923E1A11A00BD9C66 /* Resources */,
			);
			buildRules = (
			);
			dependencies = (
				ABAE077D23E1A11A00BD9C66 /* PBXTargetDependency */,
			);
			name = barsTests;
			productName = barsTests;
			productReference = ABAE077B23E1A11A00BD9C66 /* barsTests.xctest */;
			productType = "com.apple.product-type.bundle.unit-test";
		};
/* End PBXNativeTarget section */

/* Begin PBXProject section */
		ABAE075F23E1A11800BD9C66 /* Project object */ = {
			isa = PBXProject;
			attributes = {
				LastSwiftUpdateCheck = 1000;
				LastUpgradeCheck = 1000;
				ORGANIZATIONNAME = hbsis;
				TargetAttributes = {
					ABAE076623E1A11800BD9C66 = {
						CreatedOnToolsVersion = 10.0;
					};
					ABAE077A23E1A11A00BD9C66 = {
						CreatedOnToolsVersion = 10.0;
						TestTargetID = ABAE076623E1A11800BD9C66;
					};
				};
			};
			buildConfigurationList = ABAE076223E1A11800BD9C66 /* Build configuration list for PBXProject "bars" */;
			compatibilityVersion = "Xcode 9.3";
			developmentRegion = en;
			hasScannedForEncodings = 0;
			knownRegions = (
				en,
				Base,
			);
			mainGroup = ABAE075E23E1A11800BD9C66;
			productRefGroup = ABAE076823E1A11800BD9C66 /* Products */;
			projectDirPath = "";
			projectRoot = "";
			targets = (
				ABAE076623E1A11800BD9C66 /* bars */,
				ABAE077A23E1A11A00BD9C66 /* barsTests */,
			);
		};
/* End PBXProject section */

/* Begin PBXResourcesBuildPhase section */
		ABAE076523E1A11800BD9C66 /* Resources */ = {
			isa = PBXResourcesBuildPhase;
			buildActionMask = 2147483647;
			files = (
				ABAE077523E1A11A00BD9C66 /* LaunchScreen.storyboard in Resources */,
				ABAE077223E1A11A00BD9C66 /* Assets.xcassets in Resources */,
				ABAE077023E1A11800BD9C66 /* Main.storyboard in Resources */,
			);
			runOnlyForDeploymentPostprocessing = 0;
		};
		ABAE077923E1A11A00BD9C66 /* Resources */ = {
			isa = PBXResourcesBuildPhase;
			buildActionMask = 2147483647;
			files = (
			);
			runOnlyForDeploymentPostprocessing = 0;
		};
/* End PBXResourcesBuildPhase section */

/* Begin PBXSourcesBuildPhase section */
		ABAE076323E1A11800BD9C66 /* Sources */ = {
			isa = PBXSourcesBuildPhase;
			buildActionMask = 2147483647;
			files = (
				AB508FC523E85E94004992E7 /* Bar.swift in Sources */,
				AB88623723E9B8C20041ED15 /* BarTableViewController.swift in Sources */,
				AB508FBE23E44A6E004992E7 /* RatingBar.swift in Sources */,
				ABAE076D23E1A11800BD9C66 /* BarViewController.swift in Sources */,
				ABAE076B23E1A11800BD9C66 /* AppDelegate.swift in Sources */,
				AB88623523E9AE960041ED15 /* TabelaBares.swift in Sources */,
				AB35284923FAB2BC00DB1242 /* MapViewViewController.swift in Sources */,
				AB831A4C2406BBDA00668234 /* Atwork.swift in Sources */,
			);
			runOnlyForDeploymentPostprocessing = 0;
		};
		ABAE077723E1A11A00BD9C66 /* Sources */ = {
			isa = PBXSourcesBuildPhase;
			buildActionMask = 2147483647;
			files = (
				ABAE078023E1A11A00BD9C66 /* barsTests.swift in Sources */,
			);
			runOnlyForDeploymentPostprocessing = 0;
		};
/* End PBXSourcesBuildPhase section */

/* Begin PBXTargetDependency section */
		ABAE077D23E1A11A00BD9C66 /* PBXTargetDependency */ = {
			isa = PBXTargetDependency;
			target = ABAE076623E1A11800BD9C66 /* bars */;
			targetProxy = ABAE077C23E1A11A00BD9C66 /* PBXContainerItemProxy */;
		};
/* End PBXTargetDependency section */

/* Begin PBXVariantGroup section */
		ABAE076E23E1A11800BD9C66 /* Main.storyboard */ = {
			isa = PBXVariantGroup;
			children = (
				ABAE076F23E1A11800BD9C66 /* Base */,
			);
			name = Main.storyboard;
			sourceTree = "<group>";
		};
		ABAE077323E1A11A00BD9C66 /* LaunchScreen.storyboard */ = {
			isa = PBXVariantGroup;
			children = (
				ABAE077423E1A11A00BD9C66 /* Base */,
			);
			name = LaunchScreen.storyboard;
			sourceTree = "<group>";
		};
/* End PBXVariantGroup section */

/* Begin XCBuildConfiguration section */
		ABAE078223E1A11A00BD9C66 /* Debug */ = {
			isa = XCBuildConfiguration;
			buildSettings = {
				ALWAYS_SEARCH_USER_PATHS = NO;
				CLANG_ANALYZER_NONNULL = YES;
				CLANG_ANALYZER_NUMBER_OBJECT_CONVERSION = YES_AGGRESSIVE;
				CLANG_CXX_LANGUAGE_STANDARD = "gnu++14";
				CLANG_CXX_LIBRARY = "libc++";
				CLANG_ENABLE_MODULES = YES;
				CLANG_ENABLE_OBJC_ARC = YES;
				CLANG_ENABLE_OBJC_WEAK = YES;
				CLANG_WARN_BLOCK_CAPTURE_AUTORELEASING = YES;
				CLANG_WARN_BOOL_CONVERSION = YES;
				CLANG_WARN_COMMA = YES;
				CLANG_WARN_CONSTANT_CONVERSION = YES;
				CLANG_WARN_DEPRECATED_OBJC_IMPLEMENTATIONS = YES;
				CLANG_WARN_DIRECT_OBJC_ISA_USAGE = YES_ERROR;
				CLANG_WARN_DOCUMENTATION_COMMENTS = YES;
				CLANG_WARN_EMPTY_BODY = YES;
				CLANG_WARN_ENUM_CONVERSION = YES;
				CLANG_WARN_INFINITE_RECURSION = YES;
				CLANG_WARN_INT_CONVERSION = YES;
				CLANG_WARN_NON_LITERAL_NULL_CONVERSION = YES;
				CLANG_WARN_OBJC_IMPLICIT_RETAIN_SELF = YES;
				CLANG_WARN_OBJC_LITERAL_CONVERSION = YES;
				CLANG_WARN_OBJC_ROOT_CLASS = YES_ERROR;
				CLANG_WARN_RANGE_LOOP_ANALYSIS = YES;
				CLANG_WARN_STRICT_PROTOTYPES = YES;
				CLANG_WARN_SUSPICIOUS_MOVE = YES;
				CLANG_WARN_UNGUARDED_AVAILABILITY = YES_AGGRESSIVE;
				CLANG_WARN_UNREACHABLE_CODE = YES;
				CLANG_WARN__DUPLICATE_METHOD_MATCH = YES;
				CODE_SIGN_IDENTITY = "iPhone Developer";
				COPY_PHASE_STRIP = NO;
				DEBUG_INFORMATION_FORMAT = dwarf;
				ENABLE_STRICT_OBJC_MSGSEND = YES;
				ENABLE_TESTABILITY = YES;
				GCC_C_LANGUAGE_STANDARD = gnu11;
				GCC_DYNAMIC_NO_PIC = NO;
				GCC_NO_COMMON_BLOCKS = YES;
				GCC_OPTIMIZATION_LEVEL = 0;
				GCC_PREPROCESSOR_DEFINITIONS = (
					"DEBUG=1",
					"$(inherited)",
				);
				GCC_WARN_64_TO_32_BIT_CONVERSION = YES;
				GCC_WARN_ABOUT_RETURN_TYPE = YES_ERROR;
				GCC_WARN_UNDECLARED_SELECTOR = YES;
				GCC_WARN_UNINITIALIZED_AUTOS = YES_AGGRESSIVE;
				GCC_WARN_UNUSED_FUNCTION = YES;
				GCC_WARN_UNUSED_VARIABLE = YES;
				IPHONEOS_DEPLOYMENT_TARGET = 12.0;
				MTL_ENABLE_DEBUG_INFO = INCLUDE_SOURCE;
				MTL_FAST_MATH = YES;
				ONLY_ACTIVE_ARCH = YES;
				SDKROOT = iphoneos;
				SWIFT_ACTIVE_COMPILATION_CONDITIONS = DEBUG;
				SWIFT_OPTIMIZATION_LEVEL = "-Onone";
			};
			name = Debug;
		};
		ABAE078323E1A11A00BD9C66 /* Release */ = {
			isa = XCBuildConfiguration;
			buildSettings = {
				ALWAYS_SEARCH_USER_PATHS = NO;
				CLANG_ANALYZER_NONNULL = YES;
				CLANG_ANALYZER_NUMBER_OBJECT_CONVERSION = YES_AGGRESSIVE;
				CLANG_CXX_LANGUAGE_STANDARD = "gnu++14";
				CLANG_CXX_LIBRARY = "libc++";
				CLANG_ENABLE_MODULES = YES;
				CLANG_ENABLE_OBJC_ARC = YES;
				CLANG_ENABLE_OBJC_WEAK = YES;
				CLANG_WARN_BLOCK_CAPTURE_AUTORELEASING = YES;
				CLANG_WARN_BOOL_CONVERSION = YES;
				CLANG_WARN_COMMA = YES;
				CLANG_WARN_CONSTANT_CONVERSION = YES;
				CLANG_WARN_DEPRECATED_OBJC_IMPLEMENTATIONS = YES;
				CLANG_WARN_DIRECT_OBJC_ISA_USAGE = YES_ERROR;
				CLANG_WARN_DOCUMENTATION_COMMENTS = YES;
				CLANG_WARN_EMPTY_BODY = YES;
				CLANG_WARN_ENUM_CONVERSION = YES;
				CLANG_WARN_INFINITE_RECURSION = YES;
				CLANG_WARN_INT_CONVERSION = YES;
				CLANG_WARN_NON_LITERAL_NULL_CONVERSION = YES;
				CLANG_WARN_OBJC_IMPLICIT_RETAIN_SELF = YES;
				CLANG_WARN_OBJC_LITERAL_CONVERSION = YES;
				CLANG_WARN_OBJC_ROOT_CLASS = YES_ERROR;
				CLANG_WARN_RANGE_LOOP_ANALYSIS = YES;
				CLANG_WARN_STRICT_PROTOTYPES = YES;
				CLANG_WARN_SUSPICIOUS_MOVE = YES;
				CLANG_WARN_UNGUARDED_AVAILABILITY = YES_AGGRESSIVE;
				CLANG_WARN_UNREACHABLE_CODE = YES;
				CLANG_WARN__DUPLICATE_METHOD_MATCH = YES;
				CODE_SIGN_IDENTITY = "iPhone Developer";
				COPY_PHASE_STRIP = NO;
				DEBUG_INFORMATION_FORMAT = "dwarf-with-dsym";
				ENABLE_NS_ASSERTIONS = NO;
				ENABLE_STRICT_OBJC_MSGSEND = YES;
				GCC_C_LANGUAGE_STANDARD = gnu11;
				GCC_NO_COMMON_BLOCKS = YES;
				GCC_WARN_64_TO_32_BIT_CONVERSION = YES;
				GCC_WARN_ABOUT_RETURN_TYPE = YES_ERROR;
				GCC_WARN_UNDECLARED_SELECTOR = YES;
				GCC_WARN_UNINITIALIZED_AUTOS = YES_AGGRESSIVE;
				GCC_WARN_UNUSED_FUNCTION = YES;
				GCC_WARN_UNUSED_VARIABLE = YES;
				IPHONEOS_DEPLOYMENT_TARGET = 12.0;
				MTL_ENABLE_DEBUG_INFO = NO;
				MTL_FAST_MATH = YES;
				SDKROOT = iphoneos;
				SWIFT_COMPILATION_MODE = wholemodule;
				SWIFT_OPTIMIZATION_LEVEL = "-O";
				VALIDATE_PRODUCT = YES;
			};
			name = Release;
		};
		ABAE078523E1A11A00BD9C66 /* Debug */ = {
			isa = XCBuildConfiguration;
			buildSettings = {
				ASSETCATALOG_COMPILER_APPICON_NAME = AppIcon;
				CODE_SIGN_STYLE = Automatic;
				INFOPLIST_FILE = bars/Info.plist;
				LD_RUNPATH_SEARCH_PATHS = (
					"$(inherited)",
					"@executable_path/Frameworks",
				);
				PRODUCT_BUNDLE_IDENTIFIER = com.hbsis.padawan.bars;
				PRODUCT_NAME = "$(TARGET_NAME)";
				SWIFT_VERSION = 4.2;
				TARGETED_DEVICE_FAMILY = "1,2";
			};
			name = Debug;
		};
		ABAE078623E1A11A00BD9C66 /* Release */ = {
			isa = XCBuildConfiguration;
			buildSettings = {
				ASSETCATALOG_COMPILER_APPICON_NAME = AppIcon;
				CODE_SIGN_STYLE = Automatic;
				INFOPLIST_FILE = bars/Info.plist;
				LD_RUNPATH_SEARCH_PATHS = (
					"$(inherited)",
					"@executable_path/Frameworks",
				);
				PRODUCT_BUNDLE_IDENTIFIER = com.hbsis.padawan.bars;
				PRODUCT_NAME = "$(TARGET_NAME)";
				SWIFT_VERSION = 4.2;
				TARGETED_DEVICE_FAMILY = "1,2";
			};
			name = Release;
		};
		ABAE078823E1A11A00BD9C66 /* Debug */ = {
			isa = XCBuildConfiguration;
			buildSettings = {
				ALWAYS_EMBED_SWIFT_STANDARD_LIBRARIES = YES;
				BUNDLE_LOADER = "$(TEST_HOST)";
				CODE_SIGN_STYLE = Automatic;
				INFOPLIST_FILE = barsTests/Info.plist;
				LD_RUNPATH_SEARCH_PATHS = (
					"$(inherited)",
					"@executable_path/Frameworks",
					"@loader_path/Frameworks",
				);
				PRODUCT_BUNDLE_IDENTIFIER = com.hbsis.padawan.barsTests;
				PRODUCT_NAME = "$(TARGET_NAME)";
				SWIFT_VERSION = 4.2;
				TARGETED_DEVICE_FAMILY = "1,2";
				TEST_HOST = "$(BUILT_PRODUCTS_DIR)/bars.app/bars";
			};
			name = Debug;
		};
		ABAE078923E1A11A00BD9C66 /* Release */ = {
			isa = XCBuildConfiguration;
			buildSettings = {
				ALWAYS_EMBED_SWIFT_STANDARD_LIBRARIES = YES;
				BUNDLE_LOADER = "$(TEST_HOST)";
				CODE_SIGN_STYLE = Automatic;
				INFOPLIST_FILE = barsTests/Info.plist;
				LD_RUNPATH_SEARCH_PATHS = (
					"$(inherited)",
					"@executable_path/Frameworks",
					"@loader_path/Frameworks",
				);
				PRODUCT_BUNDLE_IDENTIFIER = com.hbsis.padawan.barsTests;
				PRODUCT_NAME = "$(TARGET_NAME)";
				SWIFT_VERSION = 4.2;
				TARGETED_DEVICE_FAMILY = "1,2";
				TEST_HOST = "$(BUILT_PRODUCTS_DIR)/bars.app/bars";
			};
			name = Release;
		};
/* End XCBuildConfiguration section */

/* Begin XCConfigurationList section */
		ABAE076223E1A11800BD9C66 /* Build configuration list for PBXProject "bars" */ = {
			isa = XCConfigurationList;
			buildConfigurations = (
				ABAE078223E1A11A00BD9C66 /* Debug */,
				ABAE078323E1A11A00BD9C66 /* Release */,
			);
			defaultConfigurationIsVisible = 0;
			defaultConfigurationName = Release;
		};
		ABAE078423E1A11A00BD9C66 /* Build configuration list for PBXNativeTarget "bars" */ = {
			isa = XCConfigurationList;
			buildConfigurations = (
				ABAE078523E1A11A00BD9C66 /* Debug */,
				ABAE078623E1A11A00BD9C66 /* Release */,
			);
			defaultConfigurationIsVisible = 0;
			defaultConfigurationName = Release;
		};
		ABAE078723E1A11A00BD9C66 /* Build configuration list for PBXNativeTarget "barsTests" */ = {
			isa = XCConfigurationList;
			buildConfigurations = (
				ABAE078823E1A11A00BD9C66 /* Debug */,
				ABAE078923E1A11A00BD9C66 /* Release */,
			);
			defaultConfigurationIsVisible = 0;
			defaultConfigurationName = Release;
		};
/* End XCConfigurationList section */
	};
	rootObject = ABAE075F23E1A11800BD9C66 /* Project object */;
}
